
Microsoft Visual Studio Solution File, Format Version 9.00
# Visual Studio 2005
Project("{F184B08F-C81C-45F6-A57F-5ABD9991F28F}") = "SSD Client", "SSD Client\SSD Client.vbproj", "{AAFD33ED-6509-468A-81BE-B3737F76FC72}"
EndProject
Project("{54435603-DBB4-11D2-8724-00A0C9A8B90C}") = "SSD Client Setup", "SSD Client Setup\SSD Client Setup.vdproj", "{7AC95249-4378-4429-8D8A-C80EF8A30FA0}"
EndProject
Project("{F184B08F-C81C-45F6-A57F-5ABD9991F28F}") = "SSD Control", "SSD Control\SSD Control.vbproj", "{92279EC7-7F21-4B4E-B22A-90DB4925A462}"
EndProject
Project("{54435603-DBB4-11D2-8724-00A0C9A8B90C}") = "SSD Control Setup", "SSD Control Setup\SSD Control Setup.vdproj", "{4D72BD52-327A-423A-A9DF-A6C10D1A5C87}"
EndProject
Global
	GlobalSection(SolutionConfigurationPlatforms) = preSolution
		Debug|Any CPU = Debug|Any CPU
		Release|Any CPU = Release|Any CPU
	EndGlobalSection
	GlobalSection(ProjectConfigurationPlatforms) = postSolution
		{AAFD33ED-6509-468A-81BE-B3737F76FC72}.Debug|Any CPU.ActiveCfg = Debug|Any CPU
		{AAFD33ED-6509-468A-81BE-B3737F76FC72}.Debug|Any CPU.Build.0 = Debug|Any CPU
		{AAFD33ED-6509-468A-81BE-B3737F76FC72}.Release|Any CPU.ActiveCfg = Release|Any CPU
		{AAFD33ED-6509-468A-81BE-B3737F76FC72}.Release|Any CPU.Build.0 = Release|Any CPU
		{7AC95249-4378-4429-8D8A-C80EF8A30FA0}.Debug|Any CPU.ActiveCfg = Debug
		{7AC95249-4378-4429-8D8A-C80EF8A30FA0}.Release|Any CPU.ActiveCfg = Release
		{92279EC7-7F21-4B4E-B22A-90DB4925A462}.Debug|Any CPU.ActiveCfg = Debug|Any CPU
		{92279EC7-7F21-4B4E-B22A-90DB4925A462}.Debug|Any CPU.Build.0 = Debug|Any CPU
		{92279EC7-7F21-4B4E-B22A-90DB4925A462}.Release|Any CPU.ActiveCfg = Release|Any CPU
		{92279EC7-7F21-4B4E-B22A-90DB4925A462}.Release|Any CPU.Build.0 = Release|Any CPU
		{4D72BD52-327A-423A-A9DF-A6C10D1A5C87}.Debug|Any CPU.ActiveCfg = Debug
		{4D72BD52-327A-423A-A9DF-A6C10D1A5C87}.Release|Any CPU.ActiveCfg = Release
	EndGlobalSection
	GlobalSection(SolutionProperties) = preSolution
		HideSolutionNode = FALSE
	EndGlobalSection
EndGlobal
